
Microsoft Visual Studio Solution File, Format Version 12.00
# Visual Studio Version 16
VisualStudioVersion = 16.0.29021.104
MinimumVisualStudioVersion = 10.0.40219.1
Project("{9A19103F-16F7-4668-BE54-9A1E7A4F7556}") = "BlazorApp1.Server", "BlazorApp1\Server\BlazorApp1.Server.csproj", "{C4B4D84F-0634-4E2B-92B9-848CC4632045}"
EndProject
Project("{9A19103F-16F7-4668-BE54-9A1E7A4F7556}") = "BlazorApp1.Client", "BlazorApp1\Client\BlazorApp1.Client.csproj", "{84B02346-BB4F-490C-B465-F2C86FE0919E}"
EndProject
Project("{9A19103F-16F7-4668-BE54-9A1E7A4F7556}") = "BlazorApp1.Shared", "BlazorApp1\Shared\BlazorApp1.Shared.csproj", "{75BF3254-E84F-48AE-A6F4-54D41E030D0E}"
EndProject
Global
	GlobalSection(SolutionConfigurationPlatforms) = preSolution
		Ad-Hoc|Any CPU = Ad-Hoc|Any CPU
		Ad-Hoc|ARM = Ad-Hoc|ARM
		Ad-Hoc|iPhone = Ad-Hoc|iPhone
		Ad-Hoc|iPhoneSimulator = Ad-Hoc|iPhoneSimulator
		Ad-Hoc|x64 = Ad-Hoc|x64
		Ad-Hoc|x86 = Ad-Hoc|x86
		AppStore|Any CPU = AppStore|Any CPU
		AppStore|ARM = AppStore|ARM
		AppStore|iPhone = AppStore|iPhone
		AppStore|iPhoneSimulator = AppStore|iPhoneSimulator
		AppStore|x64 = AppStore|x64
		AppStore|x86 = AppStore|x86
		Debug|Any CPU = Debug|Any CPU
		Debug|ARM = Debug|ARM
		Debug|iPhone = Debug|iPhone
		Debug|iPhoneSimulator = Debug|iPhoneSimulator
		Debug|x64 = Debug|x64
		Debug|x86 = Debug|x86
		Release|Any CPU = Release|Any CPU
		Release|ARM = Release|ARM
		Release|iPhone = Release|iPhone
		Release|iPhoneSimulator = Release|iPhoneSimulator
		Release|x64 = Release|x64
		Release|x86 = Release|x86
	EndGlobalSection
	GlobalSection(ProjectConfigurationPlatforms) = postSolution
		{C4B4D84F-0634-4E2B-92B9-848CC4632045}.Ad-Hoc|Any CPU.ActiveCfg = Debug|Any CPU
		{C4B4D84F-0634-4E2B-92B9-848CC4632045}.Ad-Hoc|Any CPU.Build.0 = Debug|Any CPU
		{C4B4D84F-0634-4E2B-92B9-848CC4632045}.Ad-Hoc|ARM.ActiveCfg = Debug|Any CPU
		{C4B4D84F-0634-4E2B-92B9-848CC4632045}.Ad-Hoc|ARM.Build.0 = Debug|Any CPU
		{C4B4D84F-0634-4E2B-92B9-848CC4632045}.Ad-Hoc|iPhone.ActiveCfg = Debug|Any CPU
		{C4B4D84F-0634-4E2B-92B9-848CC4632045}.Ad-Hoc|iPhone.Build.0 = Debug|Any CPU
		{C4B4D84F-0634-4E2B-92B9-848CC4632045}.Ad-Hoc|iPhoneSimulator.ActiveCfg = Debug|Any CPU
		{C4B4D84F-0634-4E2B-92B9-848CC4632045}.Ad-Hoc|iPhoneSimulator.Build.0 = Debug|Any CPU
		{C4B4D84F-0634-4E2B-92B9-848CC4632045}.Ad-Hoc|x64.ActiveCfg = Debug|Any CPU
		{C4B4D84F-0634-4E2B-92B9-848CC4632045}.Ad-Hoc|x64.Build.0 = Debug|Any CPU
		{C4B4D84F-0634-4E2B-92B9-848CC4632045}.Ad-Hoc|x86.ActiveCfg = Debug|Any CPU
		{C4B4D84F-0634-4E2B-92B9-848CC4632045}.Ad-Hoc|x86.Build.0 = Debug|Any CPU
		{C4B4D84F-0634-4E2B-92B9-848CC4632045}.AppStore|Any CPU.ActiveCfg = Debug|Any CPU
		{C4B4D84F-0634-4E2B-92B9-848CC4632045}.AppStore|Any CPU.Build.0 = Debug|Any CPU
		{C4B4D84F-0634-4E2B-92B9-848CC4632045}.AppStore|ARM.ActiveCfg = Debug|Any CPU
		{C4B4D84F-0634-4E2B-92B9-848CC4632045}.AppStore|ARM.Build.0 = Debug|Any CPU
		{C4B4D84F-0634-4E2B-92B9-848CC4632045}.AppStore|iPhone.ActiveCfg = Debug|Any CPU
		{C4B4D84F-0634-4E2B-92B9-848CC4632045}.AppStore|iPhone.Build.0 = Debug|Any CPU
		{C4B4D84F-0634-4E2B-92B9-848CC4632045}.AppStore|iPhoneSimulator.ActiveCfg = Debug|Any CPU
		{C4B4D84F-0634-4E2B-92B9-848CC4632045}.AppStore|iPhoneSimulator.Build.0 = Debug|Any CPU
		{C4B4D84F-0634-4E2B-92B9-848CC4632045}.AppStore|x64.ActiveCfg = Debug|Any CPU
		{C4B4D84F-0634-4E2B-92B9-848CC4632045}.AppStore|x64.Build.0 = Debug|Any CPU
		{C4B4D84F-0634-4E2B-92B9-848CC4632045}.AppStore|x86.ActiveCfg = Debug|Any CPU
		{C4B4D84F-0634-4E2B-92B9-848CC4632045}.AppStore|x86.Build.0 = Debug|Any CPU
		{C4B4D84F-0634-4E2B-92B9-848CC4632045}.Debug|Any CPU.ActiveCfg = Debug|Any CPU
		{C4B4D84F-0634-4E2B-92B9-848CC4632045}.Debug|Any CPU.Build.0 = Debug|Any CPU
		{C4B4D84F-0634-4E2B-92B9-848CC4632045}.Debug|ARM.ActiveCfg = Debug|Any CPU
		{C4B4D84F-0634-4E2B-92B9-848CC4632045}.Debug|ARM.Build.0 = Debug|Any CPU
		{C4B4D84F-0634-4E2B-92B9-848CC4632045}.Debug|iPhone.ActiveCfg = Debug|Any CPU
		{C4B4D84F-0634-4E2B-92B9-848CC4632045}.Debug|iPhone.Build.0 = Debug|Any CPU
		{C4B4D84F-0634-4E2B-92B9-848CC4632045}.Debug|iPhoneSimulator.ActiveCfg = Debug|Any CPU
		{C4B4D84F-0634-4E2B-92B9-848CC4632045}.Debug|iPhoneSimulator.Build.0 = Debug|Any CPU
		{C4B4D84F-0634-4E2B-92B9-848CC4632045}.Debug|x64.ActiveCfg = Debug|Any CPU
		{C4B4D84F-0634-4E2B-92B9-848CC4632045}.Debug|x64.Build.0 = Debug|Any CPU
		{C4B4D84F-0634-4E2B-92B9-848CC4632045}.Debug|x86.ActiveCfg = Debug|Any CPU
		{C4B4D84F-0634-4E2B-92B9-848CC4632045}.Debug|x86.Build.0 = Debug|Any CPU
		{C4B4D84F-0634-4E2B-92B9-848CC4632045}.Release|Any CPU.ActiveCfg = Release|Any CPU
		{C4B4D84F-0634-4E2B-92B9-848CC4632045}.Release|Any CPU.Build.0 = Release|Any CPU
		{C4B4D84F-0634-4E2B-92B9-848CC4632045}.Release|ARM.ActiveCfg = Release|Any CPU
		{C4B4D84F-0634-4E2B-92B9-848CC4632045}.Release|ARM.Build.0 = Release|Any CPU
		{C4B4D84F-0634-4E2B-92B9-848CC4632045}.Release|iPhone.ActiveCfg = Release|Any CPU
		{C4B4D84F-0634-4E2B-92B9-848CC4632045}.Release|iPhone.Build.0 = Release|Any CPU
		{C4B4D84F-0634-4E2B-92B9-848CC4632045}.Release|iPhoneSimulator.ActiveCfg = Release|Any CPU
		{C4B4D84F-0634-4E2B-92B9-848CC4632045}.Release|iPhoneSimulator.Build.0 = Release|Any CPU
		{C4B4D84F-0634-4E2B-92B9-848CC4632045}.Release|x64.ActiveCfg = Release|Any CPU
		{C4B4D84F-0634-4E2B-92B9-848CC4632045}.Release|x64.Build.0 = Release|Any CPU
		{C4B4D84F-0634-4E2B-92B9-848CC4632045}.Release|x86.ActiveCfg = Release|Any CPU
		{C4B4D84F-0634-4E2B-92B9-848CC4632045}.Release|x86.Build.0 = Release|Any CPU
		{84B02346-BB4F-490C-B465-F2C86FE0919E}.Ad-Hoc|Any CPU.ActiveCfg = Debug|Any CPU
		{84B02346-BB4F-490C-B465-F2C86FE0919E}.Ad-Hoc|Any CPU.Build.0 = Debug|Any CPU
		{84B02346-BB4F-490C-B465-F2C86FE0919E}.Ad-Hoc|ARM.ActiveCfg = Debug|Any CPU
		{84B02346-BB4F-490C-B465-F2C86FE0919E}.Ad-Hoc|ARM.Build.0 = Debug|Any CPU
		{84B02346-BB4F-490C-B465-F2C86FE0919E}.Ad-Hoc|iPhone.ActiveCfg = Debug|Any CPU
		{84B02346-BB4F-490C-B465-F2C86FE0919E}.Ad-Hoc|iPhone.Build.0 = Debug|Any CPU
		{84B02346-BB4F-490C-B465-F2C86FE0919E}.Ad-Hoc|iPhoneSimulator.ActiveCfg = Debug|Any CPU
		{84B02346-BB4F-490C-B465-F2C86FE0919E}.Ad-Hoc|iPhoneSimulator.Build.0 = Debug|Any CPU
		{84B02346-BB4F-490C-B465-F2C86FE0919E}.Ad-Hoc|x64.ActiveCfg = Debug|Any CPU
		{84B02346-BB4F-490C-B465-F2C86FE0919E}.Ad-Hoc|x64.Build.0 = Debug|Any CPU
		{84B02346-BB4F-490C-B465-F2C86FE0919E}.Ad-Hoc|x86.ActiveCfg = Debug|Any CPU
		{84B02346-BB4F-490C-B465-F2C86FE0919E}.Ad-Hoc|x86.Build.0 = Debug|Any CPU
		{84B02346-BB4F-490C-B465-F2C86FE0919E}.AppStore|Any CPU.ActiveCfg = Debug|Any CPU
		{84B02346-BB4F-490C-B465-F2C86FE0919E}.AppStore|Any CPU.Build.0 = Debug|Any CPU
		{84B02346-BB4F-490C-B465-F2C86FE0919E}.AppStore|ARM.ActiveCfg = Debug|Any CPU
		{84B02346-BB4F-490C-B465-F2C86FE0919E}.AppStore|ARM.Build.0 = Debug|Any CPU
		{84B02346-BB4F-490C-B465-F2C86FE0919E}.AppStore|iPhone.ActiveCfg = Debug|Any CPU
		{84B02346-BB4F-490C-B465-F2C86FE0919E}.AppStore|iPhone.Build.0 = Debug|Any CPU
		{84B02346-BB4F-490C-B465-F2C86FE0919E}.AppStore|iPhoneSimulator.ActiveCfg = Debug|Any CPU
		{84B02346-BB4F-490C-B465-F2C86FE0919E}.AppStore|iPhoneSimulator.Build.0 = Debug|Any CPU
		{84B02346-BB4F-490C-B465-F2C86FE0919E}.AppStore|x64.ActiveCfg = Debug|Any CPU
		{84B02346-BB4F-490C-B465-F2C86FE0919E}.AppStore|x64.Build.0 = Debug|Any CPU
		{84B02346-BB4F-490C-B465-F2C86FE0919E}.AppStore|x86.ActiveCfg = Debug|Any CPU
		{84B02346-BB4F-490C-B465-F2C86FE0919E}.AppStore|x86.Build.0 = Debug|Any CPU
		{84B02346-BB4F-490C-B465-F2C86FE0919E}.Debug|Any CPU.ActiveCfg = Debug|Any CPU
		{84B02346-BB4F-490C-B465-F2C86FE0919E}.Debug|Any CPU.Build.0 = Debug|Any CPU
		{84B02346-BB4F-490C-B465-F2C86FE0919E}.Debug|ARM.ActiveCfg = Debug|Any CPU
		{84B02346-BB4F-490C-B465-F2C86FE0919E}.Debug|ARM.Build.0 = Debug|Any CPU
		{84B02346-BB4F-490C-B465-F2C86FE0919E}.Debug|iPhone.ActiveCfg = Debug|Any CPU
		{84B02346-BB4F-490C-B465-F2C86FE0919E}.Debug|iPhone.Build.0 = Debug|Any CPU
		{84B02346-BB4F-490C-B465-F2C86FE0919E}.Debug|iPhoneSimulator.ActiveCfg = Debug|Any CPU
		{84B02346-BB4F-490C-B465-F2C86FE0919E}.Debug|iPhoneSimulator.Build.0 = Debug|Any CPU
		{84B02346-BB4F-490C-B465-F2C86FE0919E}.Debug|x64.ActiveCfg = Debug|Any CPU
		{84B02346-BB4F-490C-B465-F2C86FE0919E}.Debug|x64.Build.0 = Debug|Any CPU
		{84B02346-BB4F-490C-B465-F2C86FE0919E}.Debug|x86.ActiveCfg = Debug|Any CPU
		{84B02346-BB4F-490C-B465-F2C86FE0919E}.Debug|x86.Build.0 = Debug|Any CPU
		{84B02346-BB4F-490C-B465-F2C86FE0919E}.Release|Any CPU.ActiveCfg = Release|Any CPU
		{84B02346-BB4F-490C-B465-F2C86FE0919E}.Release|Any CPU.Build.0 = Release|Any CPU
		{84B02346-BB4F-490C-B465-F2C86FE0919E}.Release|ARM.ActiveCfg = Release|Any CPU
		{84B02346-BB4F-490C-B465-F2C86FE0919E}.Release|ARM.Build.0 = Release|Any CPU
		{84B02346-BB4F-490C-B465-F2C86FE0919E}.Release|iPhone.ActiveCfg = Release|Any CPU
		{84B02346-BB4F-490C-B465-F2C86FE0919E}.Release|iPhone.Build.0 = Release|Any CPU
		{84B02346-BB4F-490C-B465-F2C86FE0919E}.Release|iPhoneSimulator.ActiveCfg = Release|Any CPU
		{84B02346-BB4F-490C-B465-F2C86FE0919E}.Release|iPhoneSimulator.Build.0 = Release|Any CPU
		{84B02346-BB4F-490C-B465-F2C86FE0919E}.Release|x64.ActiveCfg = Release|Any CPU
		{84B02346-BB4F-490C-B465-F2C86FE0919E}.Release|x64.Build.0 = Release|Any CPU
		{84B02346-BB4F-490C-B465-F2C86FE0919E}.Release|x86.ActiveCfg = Release|Any CPU
		{84B02346-BB4F-490C-B465-F2C86FE0919E}.Release|x86.Build.0 = Release|Any CPU
		{75BF3254-E84F-48AE-A6F4-54D41E030D0E}.Ad-Hoc|Any CPU.ActiveCfg = Debug|Any CPU
		{75BF3254-E84F-48AE-A6F4-54D41E030D0E}.Ad-Hoc|Any CPU.Build.0 = Debug|Any CPU
		{75BF3254-E84F-48AE-A6F4-54D41E030D0E}.Ad-Hoc|ARM.ActiveCfg = Debug|Any CPU
		{75BF3254-E84F-48AE-A6F4-54D41E030D0E}.Ad-Hoc|ARM.Build.0 = Debug|Any CPU
		{75BF3254-E84F-48AE-A6F4-54D41E030D0E}.Ad-Hoc|iPhone.ActiveCfg = Debug|Any CPU
		{75BF3254-E84F-48AE-A6F4-54D41E030D0E}.Ad-Hoc|iPhone.Build.0 = Debug|Any CPU
		{75BF3254-E84F-48AE-A6F4-54D41E030D0E}.Ad-Hoc|iPhoneSimulator.ActiveCfg = Debug|Any CPU
		{75BF3254-E84F-48AE-A6F4-54D41E030D0E}.Ad-Hoc|iPhoneSimulator.Build.0 = Debug|Any CPU
		{75BF3254-E84F-48AE-A6F4-54D41E030D0E}.Ad-Hoc|x64.ActiveCfg = Debug|Any CPU
		{75BF3254-E84F-48AE-A6F4-54D41E030D0E}.Ad-Hoc|x64.Build.0 = Debug|Any CPU
		{75BF3254-E84F-48AE-A6F4-54D41E030D0E}.Ad-Hoc|x86.ActiveCfg = Debug|Any CPU
		{75BF3254-E84F-48AE-A6F4-54D41E030D0E}.Ad-Hoc|x86.Build.0 = Debug|Any CPU
		{75BF3254-E84F-48AE-A6F4-54D41E030D0E}.AppStore|Any CPU.ActiveCfg = Debug|Any CPU
		{75BF3254-E84F-48AE-A6F4-54D41E030D0E}.AppStore|Any CPU.Build.0 = Debug|Any CPU
		{75BF3254-E84F-48AE-A6F4-54D41E030D0E}.AppStore|ARM.ActiveCfg = Debug|Any CPU
		{75BF3254-E84F-48AE-A6F4-54D41E030D0E}.AppStore|ARM.Build.0 = Debug|Any CPU
		{75BF3254-E84F-48AE-A6F4-54D41E030D0E}.AppStore|iPhone.ActiveCfg = Debug|Any CPU
		{75BF3254-E84F-48AE-A6F4-54D41E030D0E}.AppStore|iPhone.Build.0 = Debug|Any CPU
		{75BF3254-E84F-48AE-A6F4-54D41E030D0E}.AppStore|iPhoneSimulator.ActiveCfg = Debug|Any CPU
		{75BF3254-E84F-48AE-A6F4-54D41E030D0E}.AppStore|iPhoneSimulator.Build.0 = Debug|Any CPU
		{75BF3254-E84F-48AE-A6F4-54D41E030D0E}.AppStore|x64.ActiveCfg = Debug|Any CPU
		{75BF3254-E84F-48AE-A6F4-54D41E030D0E}.AppStore|x64.Build.0 = Debug|Any CPU
		{75BF3254-E84F-48AE-A6F4-54D41E030D0E}.AppStore|x86.ActiveCfg = Debug|Any CPU
		{75BF3254-E84F-48AE-A6F4-54D41E030D0E}.AppStore|x86.Build.0 = Debug|Any CPU
		{75BF3254-E84F-48AE-A6F4-54D41E030D0E}.Debug|Any CPU.ActiveCfg = Debug|Any CPU
		{75BF3254-E84F-48AE-A6F4-54D41E030D0E}.Debug|Any CPU.Build.0 = Debug|Any CPU
		{75BF3254-E84F-48AE-A6F4-54D41E030D0E}.Debug|ARM.ActiveCfg = Debug|Any CPU
		{75BF3254-E84F-48AE-A6F4-54D41E030D0E}.Debug|ARM.Build.0 = Debug|Any CPU
		{75BF3254-E84F-48AE-A6F4-54D41E030D0E}.Debug|iPhone.ActiveCfg = Debug|Any CPU
		{75BF3254-E84F-48AE-A6F4-54D41E030D0E}.Debug|iPhone.Build.0 = Debug|Any CPU
		{75BF3254-E84F-48AE-A6F4-54D41E030D0E}.Debug|iPhoneSimulator.ActiveCfg = Debug|Any CPU
		{75BF3254-E84F-48AE-A6F4-54D41E030D0E}.Debug|iPhoneSimulator.Build.0 = Debug|Any CPU
		{75BF3254-E84F-48AE-A6F4-54D41E030D0E}.Debug|x64.ActiveCfg = Debug|Any CPU
		{75BF3254-E84F-48AE-A6F4-54D41E030D0E}.Debug|x64.Build.0 = Debug|Any CPU
		{75BF3254-E84F-48AE-A6F4-54D41E030D0E}.Debug|x86.ActiveCfg = Debug|Any CPU
		{75BF3254-E84F-48AE-A6F4-54D41E030D0E}.Debug|x86.Build.0 = Debug|Any CPU
		{75BF3254-E84F-48AE-A6F4-54D41E030D0E}.Release|Any CPU.ActiveCfg = Release|Any CPU
		{75BF3254-E84F-48AE-A6F4-54D41E030D0E}.Release|Any CPU.Build.0 = Release|Any CPU
		{75BF3254-E84F-48AE-A6F4-54D41E030D0E}.Release|ARM.ActiveCfg = Release|Any CPU
		{75BF3254-E84F-48AE-A6F4-54D41E030D0E}.Release|ARM.Build.0 = Release|Any CPU
		{75BF3254-E84F-48AE-A6F4-54D41E030D0E}.Release|iPhone.ActiveCfg = Release|Any CPU
		{75BF3254-E84F-48AE-A6F4-54D41E030D0E}.Release|iPhone.Build.0 = Release|Any CPU
		{75BF3254-E84F-48AE-A6F4-54D41E030D0E}.Release|iPhoneSimulator.ActiveCfg = Release|Any CPU
		{75BF3254-E84F-48AE-A6F4-54D41E030D0E}.Release|iPhoneSimulator.Build.0 = Release|Any CPU
		{75BF3254-E84F-48AE-A6F4-54D41E030D0E}.Release|x64.ActiveCfg = Release|Any CPU
		{75BF3254-E84F-48AE-A6F4-54D41E030D0E}.Release|x64.Build.0 = Release|Any CPU
		{75BF3254-E84F-48AE-A6F4-54D41E030D0E}.Release|x86.ActiveCfg = Release|Any CPU
		{75BF3254-E84F-48AE-A6F4-54D41E030D0E}.Release|x86.Build.0 = Release|Any CPU
	EndGlobalSection
	GlobalSection(SolutionProperties) = preSolution
		HideSolutionNode = FALSE
	EndGlobalSection
	GlobalSection(ExtensibilityGlobals) = postSolution
		LessCompiler = e44f0f85-d520-4e04-9e6a-701dcfe09d69,a0f56349-0911-46ce-87ed-64e9f5e9bc36
		SolutionGuid = {C72E0933-FC1C-4417-A49F-3CF0DEFBAC4D}
	EndGlobalSection
EndGlobal
